
Microsoft Visual Studio Solution File, Format Version 12.00
# Visual Studio Version 17
VisualStudioVersion = 17.5.33530.505
MinimumVisualStudioVersion = 10.0.40219.1
Project("{FAE04EC0-301F-11D3-BF4B-00C04F79EFBC}") = "ReadyOrNotOpenMic", "ReadyOrNotOpenMic.csproj", "{FA3ABEAA-ABCC-4CCE-BCC9-5F38EF189B5D}"
EndProject
Global
	GlobalSection(SolutionConfigurationPlatforms) = preSolution
		Debug|x64 = Debug|x64
		Release|x64 = Release|x64
	EndGlobalSection
	GlobalSection(ProjectConfigurationPlatforms) = postSolution
		{FA3ABEAA-ABCC-4CCE-BCC9-5F38EF189B5D}.Debug|x64.ActiveCfg = Debug|x64
		{FA3ABEAA-ABCC-4CCE-BCC9-5F38EF189B5D}.Debug|x64.Build.0 = Debug|x64
		{FA3ABEAA-ABCC-4CCE-BCC9-5F38EF189B5D}.Debug|x64.Deploy.0 = Debug|x64
		{FA3ABEAA-ABCC-4CCE-BCC9-5F38EF189B5D}.Release|x64.ActiveCfg = Release|x64
		{FA3ABEAA-ABCC-4CCE-BCC9-5F38EF189B5D}.Release|x64.Build.0 = Release|x64
		{FA3ABEAA-ABCC-4CCE-BCC9-5F38EF189B5D}.Release|x64.Deploy.0 = Release|x64
	EndGlobalSection
	GlobalSection(SolutionProperties) = preSolution
		HideSolutionNode = FALSE
	EndGlobalSection
	GlobalSection(ExtensibilityGlobals) = postSolution
		SolutionGuid = {E3DBB6A8-E925-4776-8B50-81AC43B9A024}
	EndGlobalSection
EndGlobal
